
Microsoft Visual Studio Solution File, Format Version 12.00
# Visual Studio Version 17
VisualStudioVersion = 17.9.34607.119
MinimumVisualStudioVersion = 10.0.40219.1
Project("{8BC9CEB8-8B4A-11D0-8D11-00A0C91BC942}") = "polimorpi", "polimorpi\polimorpi.vcxproj", "{D817039C-0571-49BA-B77E-2853602FBF52}"
EndProject
Project("{8BC9CEB8-8B4A-11D0-8D11-00A0C91BC942}") = "enkapsulasi", "enkapsulasi\enkapsulasi.vcxproj", "{5CB0C9A4-F57A-4AD0-9B86-6E27E95E3F38}"
EndProject
Project("{8BC9CEB8-8B4A-11D0-8D11-00A0C91BC942}") = "noOverriding", "noOverriding\noOverriding.vcxproj", "{4D94FB27-2BF5-4260-A197-0995F2A1E292}"
EndProject
Project("{8BC9CEB8-8B4A-11D0-8D11-00A0C91BC942}") = "noPewarisan", "noPewarisan\noPewarisan.vcxproj", "{688E7665-000B-45C5-ABF3-8687E4039737}"
EndProject
Project("{8BC9CEB8-8B4A-11D0-8D11-00A0C91BC942}") = "multiwaris", "multiwaris\multiwaris.vcxproj", "{C030B7F5-48DD-4605-AB56-36AC2E6B096B}"
EndProject
Project("{8BC9CEB8-8B4A-11D0-8D11-00A0C91BC942}") = "solveMultiwaris", "solveMultiwaris\solveMultiwaris.vcxproj", "{A17E48A4-5F04-40E5-BDE6-3906180B00F5}"
EndProject
Project("{8BC9CEB8-8B4A-11D0-8D11-00A0C91BC942}") = "abstraksi", "abstraksi\abstraksi.vcxproj", "{2F45CFC6-26BA-4554-BF7B-544504047B39}"
EndProject
Global
	GlobalSection(SolutionConfigurationPlatforms) = preSolution
		Debug|x64 = Debug|x64
		Debug|x86 = Debug|x86
		Release|x64 = Release|x64
		Release|x86 = Release|x86
	EndGlobalSection
	GlobalSection(ProjectConfigurationPlatforms) = postSolution
		{D817039C-0571-49BA-B77E-2853602FBF52}.Debug|x64.ActiveCfg = Debug|x64
		{D817039C-0571-49BA-B77E-2853602FBF52}.Debug|x64.Build.0 = Debug|x64
		{D817039C-0571-49BA-B77E-2853602FBF52}.Debug|x86.ActiveCfg = Debug|Win32
		{D817039C-0571-49BA-B77E-2853602FBF52}.Debug|x86.Build.0 = Debug|Win32
		{D817039C-0571-49BA-B77E-2853602FBF52}.Release|x64.ActiveCfg = Release|x64
		{D817039C-0571-49BA-B77E-2853602FBF52}.Release|x64.Build.0 = Release|x64
		{D817039C-0571-49BA-B77E-2853602FBF52}.Release|x86.ActiveCfg = Release|Win32
		{D817039C-0571-49BA-B77E-2853602FBF52}.Release|x86.Build.0 = Release|Win32
		{5CB0C9A4-F57A-4AD0-9B86-6E27E95E3F38}.Debug|x64.ActiveCfg = Debug|x64
		{5CB0C9A4-F57A-4AD0-9B86-6E27E95E3F38}.Debug|x64.Build.0 = Debug|x64
		{5CB0C9A4-F57A-4AD0-9B86-6E27E95E3F38}.Debug|x86.ActiveCfg = Debug|Win32
		{5CB0C9A4-F57A-4AD0-9B86-6E27E95E3F38}.Debug|x86.Build.0 = Debug|Win32
		{5CB0C9A4-F57A-4AD0-9B86-6E27E95E3F38}.Release|x64.ActiveCfg = Release|x64
		{5CB0C9A4-F57A-4AD0-9B86-6E27E95E3F38}.Release|x64.Build.0 = Release|x64
		{5CB0C9A4-F57A-4AD0-9B86-6E27E95E3F38}.Release|x86.ActiveCfg = Release|Win32
		{5CB0C9A4-F57A-4AD0-9B86-6E27E95E3F38}.Release|x86.Build.0 = Release|Win32
		{4D94FB27-2BF5-4260-A197-0995F2A1E292}.Debug|x64.ActiveCfg = Debug|x64
		{4D94FB27-2BF5-4260-A197-0995F2A1E292}.Debug|x64.Build.0 = Debug|x64
		{4D94FB27-2BF5-4260-A197-0995F2A1E292}.Debug|x86.ActiveCfg = Debug|Win32
		{4D94FB27-2BF5-4260-A197-0995F2A1E292}.Debug|x86.Build.0 = Debug|Win32
		{4D94FB27-2BF5-4260-A197-0995F2A1E292}.Release|x64.ActiveCfg = Release|x64
		{4D94FB27-2BF5-4260-A197-0995F2A1E292}.Release|x64.Build.0 = Release|x64
		{4D94FB27-2BF5-4260-A197-0995F2A1E292}.Release|x86.ActiveCfg = Release|Win32
		{4D94FB27-2BF5-4260-A197-0995F2A1E292}.Release|x86.Build.0 = Release|Win32
		{688E7665-000B-45C5-ABF3-8687E4039737}.Debug|x64.ActiveCfg = Debug|x64
		{688E7665-000B-45C5-ABF3-8687E4039737}.Debug|x64.Build.0 = Debug|x64
		{688E7665-000B-45C5-ABF3-8687E4039737}.Debug|x86.ActiveCfg = Debug|Win32
		{688E7665-000B-45C5-ABF3-8687E4039737}.Debug|x86.Build.0 = Debug|Win32
		{688E7665-000B-45C5-ABF3-8687E4039737}.Release|x64.ActiveCfg = Release|x64
		{688E7665-000B-45C5-ABF3-8687E4039737}.Release|x64.Build.0 = Release|x64
		{688E7665-000B-45C5-ABF3-8687E4039737}.Release|x86.ActiveCfg = Release|Win32
		{688E7665-000B-45C5-ABF3-8687E4039737}.Release|x86.Build.0 = Release|Win32
		{C030B7F5-48DD-4605-AB56-36AC2E6B096B}.Debug|x64.ActiveCfg = Debug|x64
		{C030B7F5-48DD-4605-AB56-36AC2E6B096B}.Debug|x64.Build.0 = Debug|x64
		{C030B7F5-48DD-4605-AB56-36AC2E6B096B}.Debug|x86.ActiveCfg = Debug|Win32
		{C030B7F5-48DD-4605-AB56-36AC2E6B096B}.Debug|x86.Build.0 = Debug|Win32
		{C030B7F5-48DD-4605-AB56-36AC2E6B096B}.Release|x64.ActiveCfg = Release|x64
		{C030B7F5-48DD-4605-AB56-36AC2E6B096B}.Release|x64.Build.0 = Release|x64
		{C030B7F5-48DD-4605-AB56-36AC2E6B096B}.Release|x86.ActiveCfg = Release|Win32
		{C030B7F5-48DD-4605-AB56-36AC2E6B096B}.Release|x86.Build.0 = Release|Win32
		{A17E48A4-5F04-40E5-BDE6-3906180B00F5}.Debug|x64.ActiveCfg = Debug|x64
		{A17E48A4-5F04-40E5-BDE6-3906180B00F5}.Debug|x64.Build.0 = Debug|x64
		{A17E48A4-5F04-40E5-BDE6-3906180B00F5}.Debug|x86.ActiveCfg = Debug|Win32
		{A17E48A4-5F04-40E5-BDE6-3906180B00F5}.Debug|x86.Build.0 = Debug|Win32
		{A17E48A4-5F04-40E5-BDE6-3906180B00F5}.Release|x64.ActiveCfg = Release|x64
		{A17E48A4-5F04-40E5-BDE6-3906180B00F5}.Release|x64.Build.0 = Release|x64
		{A17E48A4-5F04-40E5-BDE6-3906180B00F5}.Release|x86.ActiveCfg = Release|Win32
		{A17E48A4-5F04-40E5-BDE6-3906180B00F5}.Release|x86.Build.0 = Release|Win32
		{2F45CFC6-26BA-4554-BF7B-544504047B39}.Debug|x64.ActiveCfg = Debug|x64
		{2F45CFC6-26BA-4554-BF7B-544504047B39}.Debug|x64.Build.0 = Debug|x64
		{2F45CFC6-26BA-4554-BF7B-544504047B39}.Debug|x86.ActiveCfg = Debug|Win32
		{2F45CFC6-26BA-4554-BF7B-544504047B39}.Debug|x86.Build.0 = Debug|Win32
		{2F45CFC6-26BA-4554-BF7B-544504047B39}.Release|x64.ActiveCfg = Release|x64
		{2F45CFC6-26BA-4554-BF7B-544504047B39}.Release|x64.Build.0 = Release|x64
		{2F45CFC6-26BA-4554-BF7B-544504047B39}.Release|x86.ActiveCfg = Release|Win32
		{2F45CFC6-26BA-4554-BF7B-544504047B39}.Release|x86.Build.0 = Release|Win32
	EndGlobalSection
	GlobalSection(SolutionProperties) = preSolution
		HideSolutionNode = FALSE
	EndGlobalSection
	GlobalSection(ExtensibilityGlobals) = postSolution
		SolutionGuid = {1C1FCC57-63DD-4F4D-BE2F-2482312C28BC}
	EndGlobalSection
EndGlobal
